github.com/bendahl/uinput v1.7.0 h1:nA4fm8Wu8UYNOPykIZm66nkWEyvxzfmJ8YC02PM40jg=
github.com/bendahl/uinput v1.7.0/go.mod h1:Np7w3DINc9wB83p12fTAM3DPPhFnAKP0WTXRqCQJ6Z8=
github.com/goccy/go-yaml v1.18.0 h1:8W7wMFS12Pcas7KU+VVkaiCng+kG8QiFeFwzFb+rwuw=
github.com/goccy/go-yaml v1.18.0/go.mod h1:XBurs7gK8ATbW4ZPGKgcbrY1Br56PdM69F7LkFRi1kA=
gitlab.com/gomidi/midi/v2 v2.3.16 h1:yufWSENyjnJ4LFQa9BerzUm4E4aLfTyzw5nmnCteO0c=
gitlab.com/gomidi/midi/v2 v2.3.16/go.mod h1:jDpP4O4skYi+7iVwt6Zyp18bd2M4hkjtMuw2cmgKgfw=
